
Microsoft Visual Studio Solution File, Format Version 12.00
# Visual Studio Version 17
VisualStudioVersion = 17.7.34031.279
MinimumVisualStudioVersion = 10.0.40219.1
Project("{FAE04EC0-301F-11D3-BF4B-00C04F79EFBC}") = "ConsoleApp2", "ConsoleApp2.csproj", "{FED5E7A3-1F8F-4148-B6DB-344A8939C909}"
EndProject
Global
	GlobalSection(SolutionConfigurationPlatforms) = preSolution
		Debug|Any CPU = Debug|Any CPU
		Release|Any CPU = Release|Any CPU
	EndGlobalSection
	GlobalSection(ProjectConfigurationPlatforms) = postSolution
		{FED5E7A3-1F8F-4148-B6DB-344A8939C909}.Debug|Any CPU.ActiveCfg = Debug|Any CPU
		{FED5E7A3-1F8F-4148-B6DB-344A8939C909}.Debug|Any CPU.Build.0 = Debug|Any CPU
		{FED5E7A3-1F8F-4148-B6DB-344A8939C909}.Release|Any CPU.ActiveCfg = Release|Any CPU
		{FED5E7A3-1F8F-4148-B6DB-344A8939C909}.Release|Any CPU.Build.0 = Release|Any CPU
	EndGlobalSection
	GlobalSection(SolutionProperties) = preSolution
		HideSolutionNode = FALSE
	EndGlobalSection
	GlobalSection(ExtensibilityGlobals) = postSolution
		SolutionGuid = {90F99FED-3976-4C3C-B211-1614E4644544}
	EndGlobalSection
EndGlobal
